// !$*UTF8*$!
{
	archiveVersion = 1;
	classes = {
	};
	objectVersion = 51;
	objects = {

/* Begin PBXBuildFile section */
		989483CDE86D3FC469C6F48C /* Pods_MapPoints.framework in Frameworks */ = {isa = PBXBuildFile; fileRef = B67E559B232B8C46DEFA2B47 /* Pods_MapPoints.framework */; };
		AC38ED4C23B69C58002AADB6 /* ProfileViewContrller.swift in Sources */ = {isa = PBXBuildFile; fileRef = AC38ED4B23B69C58002AADB6 /* ProfileViewContrller.swift */; };
		AC40985023B6454D00476648 /* blue-waves-animation.json in Resources */ = {isa = PBXBuildFile; fileRef = AC40984F23B6454D00476648 /* blue-waves-animation.json */; };
		AC40985223B6481600476648 /* Identifiers.swift in Sources */ = {isa = PBXBuildFile; fileRef = AC40985123B6481600476648 /* Identifiers.swift */; };
		AC40985423B64AB400476648 /* landing-page.json in Resources */ = {isa = PBXBuildFile; fileRef = AC40985323B64AB300476648 /* landing-page.json */; };
		AC40985623B64B4500476648 /* BaseController.swift in Sources */ = {isa = PBXBuildFile; fileRef = AC40985523B64B4500476648 /* BaseController.swift */; };
		AC40985823B64BBE00476648 /* Notifications+Extensions.swift in Sources */ = {isa = PBXBuildFile; fileRef = AC40985723B64BBE00476648 /* Notifications+Extensions.swift */; };
		AC40985C23B64C5100476648 /* AppDelegate+Extensions.swift in Sources */ = {isa = PBXBuildFile; fileRef = AC40985B23B64C5100476648 /* AppDelegate+Extensions.swift */; };
		AC40985E23B64CE300476648 /* GoogleService-Info.plist in Resources */ = {isa = PBXBuildFile; fileRef = AC40985D23B64CE300476648 /* GoogleService-Info.plist */; };
		AC40986023B6517E00476648 /* UIColor+Extensions.swift in Sources */ = {isa = PBXBuildFile; fileRef = AC40985F23B6517E00476648 /* UIColor+Extensions.swift */; };
		AC40986223B6570200476648 /* String+Extensions.swift in Sources */ = {isa = PBXBuildFile; fileRef = AC40986123B6570200476648 /* String+Extensions.swift */; };
		AC40986423B664FE00476648 /* UserManager.swift in Sources */ = {isa = PBXBuildFile; fileRef = AC40986323B664FE00476648 /* UserManager.swift */; };
		AC40986623B6676300476648 /* MainCoordinator.swift in Sources */ = {isa = PBXBuildFile; fileRef = AC40986523B6676300476648 /* MainCoordinator.swift */; };
		AC4649612464BF6D000E8E08 /* SearchResultViewController.swift in Sources */ = {isa = PBXBuildFile; fileRef = AC4649602464BF6D000E8E08 /* SearchResultViewController.swift */; };
		AC4649632464C054000E8E08 /* Modal.storyboard in Resources */ = {isa = PBXBuildFile; fileRef = AC4649622464C054000E8E08 /* Modal.storyboard */; };
		AC47624E242BB5BE0012E64F /* Material.swift in Sources */ = {isa = PBXBuildFile; fileRef = AC47624D242BB5BE0012E64F /* Material.swift */; };
		AC47632D242BD8C10012E64F /* GQTPointQuadTreeChild.m in Sources */ = {isa = PBXBuildFile; fileRef = AC476327242BD8C00012E64F /* GQTPointQuadTreeChild.m */; };
		AC47632E242BD8C10012E64F /* GQTPointQuadTree.m in Sources */ = {isa = PBXBuildFile; fileRef = AC47632B242BD8C00012E64F /* GQTPointQuadTree.m */; };
		AC476335242BD8CD0012E64F /* GMUWeightedLatLng.m in Sources */ = {isa = PBXBuildFile; fileRef = AC476330242BD8CD0012E64F /* GMUWeightedLatLng.m */; };
		AC476336242BD8CD0012E64F /* GMUGradient.m in Sources */ = {isa = PBXBuildFile; fileRef = AC476331242BD8CD0012E64F /* GMUGradient.m */; };
		AC476337242BD8CD0012E64F /* GMUHeatmapTileLayer.m in Sources */ = {isa = PBXBuildFile; fileRef = AC476332242BD8CD0012E64F /* GMUHeatmapTileLayer.m */; };
		AC47633F242BD8DF0012E64F /* GMUGeoJSONParser.m in Sources */ = {isa = PBXBuildFile; fileRef = AC476338242BD8DF0012E64F /* GMUGeoJSONParser.m */; };
		AC476340242BD8DF0012E64F /* GMUGeometryRenderer.m in Sources */ = {isa = PBXBuildFile; fileRef = AC47633A242BD8DF0012E64F /* GMUGeometryRenderer.m */; };
		AC476341242BD8DF0012E64F /* GMUKMLParser.m in Sources */ = {isa = PBXBuildFile; fileRef = AC47633D242BD8DF0012E64F /* GMUKMLParser.m */; };
		AC476378242BD90A0012E64F /* GMUPlacemark.m in Sources */ = {isa = PBXBuildFile; fileRef = AC476362242BD9090012E64F /* GMUPlacemark.m */; };
		AC476379242BD90A0012E64F /* GMULineString.m in Sources */ = {isa = PBXBuildFile; fileRef = AC476363242BD9090012E64F /* GMULineString.m */; };
		AC47637A242BD90A0012E64F /* GMUPair.m in Sources */ = {isa = PBXBuildFile; fileRef = AC476366242BD9090012E64F /* GMUPair.m */; };
		AC47637B242BD90A0012E64F /* GMUStyle.m in Sources */ = {isa = PBXBuildFile; fileRef = AC476369242BD9090012E64F /* GMUStyle.m */; };
		AC47637C242BD90A0012E64F /* GMUGeometryCollection.m in Sources */ = {isa = PBXBuildFile; fileRef = AC47636F242BD9090012E64F /* GMUGeometryCollection.m */; };
		AC47637D242BD90A0012E64F /* GMUStyleMap.m in Sources */ = {isa = PBXBuildFile; fileRef = AC476370242BD90A0012E64F /* GMUStyleMap.m */; };
		AC47637E242BD90A0012E64F /* GMUPoint.m in Sources */ = {isa = PBXBuildFile; fileRef = AC476372242BD90A0012E64F /* GMUPoint.m */; };
		AC47637F242BD90A0012E64F /* GMUFeature.m in Sources */ = {isa = PBXBuildFile; fileRef = AC476375242BD90A0012E64F /* GMUFeature.m */; };
		AC476380242BD90A0012E64F /* GMUGroundOverlay.m in Sources */ = {isa = PBXBuildFile; fileRef = AC476376242BD90A0012E64F /* GMUGroundOverlay.m */; };
		AC476381242BD90A0012E64F /* GMUPolygon.m in Sources */ = {isa = PBXBuildFile; fileRef = AC476377242BD90A0012E64F /* GMUPolygon.m */; };
		AC47638A242BD9200012E64F /* GMUStaticCluster.m in Sources */ = {isa = PBXBuildFile; fileRef = AC476385242BD9200012E64F /* GMUStaticCluster.m */; };
		AC47638B242BD9200012E64F /* GMUClusterManager.m in Sources */ = {isa = PBXBuildFile; fileRef = AC476388242BD9200012E64F /* GMUClusterManager.m */; };
		AC476395242BD9390012E64F /* GMUWrappingDictionaryKey.m in Sources */ = {isa = PBXBuildFile; fileRef = AC47638D242BD9390012E64F /* GMUWrappingDictionaryKey.m */; };
		AC476396242BD9390012E64F /* GMUGridBasedClusterAlgorithm.m in Sources */ = {isa = PBXBuildFile; fileRef = AC47638E242BD9390012E64F /* GMUGridBasedClusterAlgorithm.m */; };
		AC476397242BD9390012E64F /* GMUSimpleClusterAlgorithm.m in Sources */ = {isa = PBXBuildFile; fileRef = AC47638F242BD9390012E64F /* GMUSimpleClusterAlgorithm.m */; };
		AC476398242BD9390012E64F /* GMUNonHierarchicalDistanceBasedAlgorithm.m in Sources */ = {isa = PBXBuildFile; fileRef = AC476394242BD9390012E64F /* GMUNonHierarchicalDistanceBasedAlgorithm.m */; };
		AC4763A1242BD9620012E64F /* GMUDefaultClusterIconGenerator.m in Sources */ = {isa = PBXBuildFile; fileRef = AC47639E242BD9620012E64F /* GMUDefaultClusterIconGenerator.m */; };
		AC4763A2242BD9620012E64F /* GMUDefaultClusterRenderer.m in Sources */ = {isa = PBXBuildFile; fileRef = AC4763A0242BD9620012E64F /* GMUDefaultClusterRenderer.m */; };
		AC53CD3223BF48D300665ECD /* CreationPointViewController.swift in Sources */ = {isa = PBXBuildFile; fileRef = AC53CD3123BF48D300665ECD /* CreationPointViewController.swift */; };
		AC5AAC0F23B7B484005AF47E /* checked-done.json in Resources */ = {isa = PBXBuildFile; fileRef = AC5AAC0E23B7B484005AF47E /* checked-done.json */; };
		AC5AAC1123B7B533005AF47E /* UIViewController+Extensions.swift in Sources */ = {isa = PBXBuildFile; fileRef = AC5AAC1023B7B533005AF47E /* UIViewController+Extensions.swift */; };
		AC5CC95E24D0CAE8004D4258 /* LocationManager.swift in Sources */ = {isa = PBXBuildFile; fileRef = AC745284242B642B00D2D0DA /* LocationManager.swift */; };
		AC61509823BA094700FE8210 /* loading-google.json in Resources */ = {isa = PBXBuildFile; fileRef = AC61509723BA094700FE8210 /* loading-google.json */; };
		AC745287242B643F00D2D0DA /* ApplictionSettings.swift in Sources */ = {isa = PBXBuildFile; fileRef = AC745286242B643F00D2D0DA /* ApplictionSettings.swift */; };
		AC98625A23BE216400032DD7 /* search-empty.json in Resources */ = {isa = PBXBuildFile; fileRef = AC98625923BE216300032DD7 /* search-empty.json */; };
		AC98625C23BE229400032DD7 /* MapPoitsListViewController.swift in Sources */ = {isa = PBXBuildFile; fileRef = AC98625B23BE229400032DD7 /* MapPoitsListViewController.swift */; };
		AC98625F23BE27EE00032DD7 /* PointTableViewCell.swift in Sources */ = {isa = PBXBuildFile; fileRef = AC98625E23BE27EE00032DD7 /* PointTableViewCell.swift */; };
		AC98626123BE2B0300032DD7 /* location.json in Resources */ = {isa = PBXBuildFile; fileRef = AC98626023BE2B0300032DD7 /* location.json */; };
		AC98626323BE2EB300032DD7 /* MapViewController.swift in Sources */ = {isa = PBXBuildFile; fileRef = AC98626223BE2EB300032DD7 /* MapViewController.swift */; };
		AC98626923BE656B00032DD7 /* GoogleMapService.swift in Sources */ = {isa = PBXBuildFile; fileRef = AC98626623BE656B00032DD7 /* GoogleMapService.swift */; };
		AC98626A23BE656B00032DD7 /* AppleMapService.swift in Sources */ = {isa = PBXBuildFile; fileRef = AC98626723BE656B00032DD7 /* AppleMapService.swift */; };
		AC98626B23BE656B00032DD7 /* MapService.swift in Sources */ = {isa = PBXBuildFile; fileRef = AC98626823BE656B00032DD7 /* MapService.swift */; };
		AC98626F23BE657300032DD7 /* MapViewDataSource.swift in Sources */ = {isa = PBXBuildFile; fileRef = AC98626C23BE657300032DD7 /* MapViewDataSource.swift */; };
		AC98627023BE657300032DD7 /* MapView.swift in Sources */ = {isa = PBXBuildFile; fileRef = AC98626D23BE657300032DD7 /* MapView.swift */; };
		AC98627123BE657300032DD7 /* MapViewDelegate.swift in Sources */ = {isa = PBXBuildFile; fileRef = AC98626E23BE657300032DD7 /* MapViewDelegate.swift */; };
		AC98634E23BE96B800032DD7 /* firbaseBackup.json in Resources */ = {isa = PBXBuildFile; fileRef = AC98634D23BE96B800032DD7 /* firbaseBackup.json */; };
		ACC77D1623B55B2B007B6A0C /* AppDelegate.swift in Sources */ = {isa = PBXBuildFile; fileRef = ACC77D1523B55B2B007B6A0C /* AppDelegate.swift */; };
		ACC77D1823B55B2B007B6A0C /* SceneDelegate.swift in Sources */ = {isa = PBXBuildFile; fileRef = ACC77D1723B55B2B007B6A0C /* SceneDelegate.swift */; };
		ACC77D1D23B55B2B007B6A0C /* Main.storyboard in Resources */ = {isa = PBXBuildFile; fileRef = ACC77D1B23B55B2B007B6A0C /* Main.storyboard */; };
		ACC77D1F23B55B2D007B6A0C /* Assets.xcassets in Resources */ = {isa = PBXBuildFile; fileRef = ACC77D1E23B55B2D007B6A0C /* Assets.xcassets */; };
		ACC77D2223B55B2D007B6A0C /* LaunchScreen.storyboard in Resources */ = {isa = PBXBuildFile; fileRef = ACC77D2023B55B2D007B6A0C /* LaunchScreen.storyboard */; };
		ACC77D2E23B55BEC007B6A0C /* SignInViewController.swift in Sources */ = {isa = PBXBuildFile; fileRef = ACC77D2D23B55BEC007B6A0C /* SignInViewController.swift */; };
		ACC77D3223B55C87007B6A0C /* MainTabBarViewController.swift in Sources */ = {isa = PBXBuildFile; fileRef = ACC77D3123B55C87007B6A0C /* MainTabBarViewController.swift */; };
		ACE3C76223B932AD00CD7A20 /* FirebaseDatastore.swift in Sources */ = {isa = PBXBuildFile; fileRef = ACE3C76123B932AD00CD7A20 /* FirebaseDatastore.swift */; };
		ACE954BE24A53A7B00EEE732 /* AppDelegate+Notifications.swift in Sources */ = {isa = PBXBuildFile; fileRef = ACE954BD24A53A7B00EEE732 /* AppDelegate+Notifications.swift */; };
		ACFDDAAE23BBCE5800F41530 /* Locations.swift in Sources */ = {isa = PBXBuildFile; fileRef = ACFDDAAD23BBCE5800F41530 /* Locations.swift */; };
		ACFDDAB023BBCECE00F41530 /* Location.swift in Sources */ = {isa = PBXBuildFile; fileRef = ACFDDAAF23BBCECE00F41530 /* Location.swift */; };
		ACFDDAB223BBD16400F41530 /* Point.swift in Sources */ = {isa = PBXBuildFile; fileRef = ACFDDAB123BBD16400F41530 /* Point.swift */; };
/* End PBXBuildFile section */

/* Begin PBXFileReference section */
		AC38ED4B23B69C58002AADB6 /* ProfileViewContrller.swift */ = {isa = PBXFileReference; lastKnownFileType = sourcecode.swift; path = ProfileViewContrller.swift; sourceTree = "<group>"; };
		AC40984F23B6454D00476648 /* blue-waves-animation.json */ = {isa = PBXFileReference; fileEncoding = 4; lastKnownFileType = text.json; path = "blue-waves-animation.json"; sourceTree = "<group>"; };
		AC40985123B6481600476648 /* Identifiers.swift */ = {isa = PBXFileReference; lastKnownFileType = sourcecode.swift; path = Identifiers.swift; sourceTree = "<group>"; };
		AC40985323B64AB300476648 /* landing-page.json */ = {isa = PBXFileReference; fileEncoding = 4; lastKnownFileType = text.json; path = "landing-page.json"; sourceTree = "<group>"; };
		AC40985523B64B4500476648 /* BaseController.swift */ = {isa = PBXFileReference; fileEncoding = 4; lastKnownFileType = sourcecode.swift; path = BaseController.swift; sourceTree = "<group>"; };
		AC40985723B64BBE00476648 /* Notifications+Extensions.swift */ = {isa = PBXFileReference; fileEncoding = 4; lastKnownFileType = sourcecode.swift; path = "Notifications+Extensions.swift"; sourceTree = "<group>"; };
		AC40985B23B64C5100476648 /* AppDelegate+Extensions.swift */ = {isa = PBXFileReference; lastKnownFileType = sourcecode.swift; path = "AppDelegate+Extensions.swift"; sourceTree = "<group>"; };
		AC40985D23B64CE300476648 /* GoogleService-Info.plist */ = {isa = PBXFileReference; fileEncoding = 4; lastKnownFileType = text.plist.xml; path = "GoogleService-Info.plist"; sourceTree = "<group>"; };
		AC40985F23B6517E00476648 /* UIColor+Extensions.swift */ = {isa = PBXFileReference; fileEncoding = 4; lastKnownFileType = sourcecode.swift; path = "UIColor+Extensions.swift"; sourceTree = "<group>"; };
		AC40986123B6570200476648 /* String+Extensions.swift */ = {isa = PBXFileReference; lastKnownFileType = sourcecode.swift; path = "String+Extensions.swift"; sourceTree = "<group>"; };
		AC40986323B664FE00476648 /* UserManager.swift */ = {isa = PBXFileReference; lastKnownFileType = sourcecode.swift; path = UserManager.swift; sourceTree = "<group>"; };
		AC40986523B6676300476648 /* MainCoordinator.swift */ = {isa = PBXFileReference; lastKnownFileType = sourcecode.swift; path = MainCoordinator.swift; sourceTree = "<group>"; };
		AC4649602464BF6D000E8E08 /* SearchResultViewController.swift */ = {isa = PBXFileReference; lastKnownFileType = sourcecode.swift; path = SearchResultViewController.swift; sourceTree = "<group>"; };
		AC4649622464C054000E8E08 /* Modal.storyboard */ = {isa = PBXFileReference; lastKnownFileType = file.storyboard; path = Modal.storyboard; sourceTree = "<group>"; };
		AC47624D242BB5BE0012E64F /* Material.swift */ = {isa = PBXFileReference; fileEncoding = 4; lastKnownFileType = sourcecode.swift; path = Material.swift; sourceTree = "<group>"; };
		AC476326242BD8C00012E64F /* GQTPointQuadTree.h */ = {isa = PBXFileReference; fileEncoding = 4; lastKnownFileType = sourcecode.c.h; path = GQTPointQuadTree.h; sourceTree = "<group>"; };
		AC476327242BD8C00012E64F /* GQTPointQuadTreeChild.m */ = {isa = PBXFileReference; fileEncoding = 4; lastKnownFileType = sourcecode.c.objc; path = GQTPointQuadTreeChild.m; sourceTree = "<group>"; };
		AC476328242BD8C00012E64F /* GQTPointQuadTreeChild.h */ = {isa = PBXFileReference; fileEncoding = 4; lastKnownFileType = sourcecode.c.h; path = GQTPointQuadTreeChild.h; sourceTree = "<group>"; };
		AC476329242BD8C00012E64F /* GQTPoint.h */ = {isa = PBXFileReference; fileEncoding = 4; lastKnownFileType = sourcecode.c.h; path = GQTPoint.h; sourceTree = "<group>"; };
		AC47632A242BD8C00012E64F /* GQTBounds.h */ = {isa = PBXFileReference; fileEncoding = 4; lastKnownFileType = sourcecode.c.h; path = GQTBounds.h; sourceTree = "<group>"; };
		AC47632B242BD8C00012E64F /* GQTPointQuadTree.m */ = {isa = PBXFileReference; fileEncoding = 4; lastKnownFileType = sourcecode.c.objc; path = GQTPointQuadTree.m; sourceTree = "<group>"; };
		AC47632C242BD8C00012E64F /* GQTPointQuadTreeItem.h */ = {isa = PBXFileReference; fileEncoding = 4; lastKnownFileType = sourcecode.c.h; path = GQTPointQuadTreeItem.h; sourceTree = "<group>"; };
		AC47632F242BD8CD0012E64F /* GMUGradient.h */ = {isa = PBXFileReference; fileEncoding = 4; lastKnownFileType = sourcecode.c.h; path = GMUGradient.h; sourceTree = "<group>"; };
		AC476330242BD8CD0012E64F /* GMUWeightedLatLng.m */ = {isa = PBXFileReference; fileEncoding = 4; lastKnownFileType = sourcecode.c.objc; path = GMUWeightedLatLng.m; sourceTree = "<group>"; };
		AC476331242BD8CD0012E64F /* GMUGradient.m */ = {isa = PBXFileReference; fileEncoding = 4; lastKnownFileType = sourcecode.c.objc; path = GMUGradient.m; sourceTree = "<group>"; };
		AC476332242BD8CD0012E64F /* GMUHeatmapTileLayer.m */ = {isa = PBXFileReference; fileEncoding = 4; lastKnownFileType = sourcecode.c.objc; path = GMUHeatmapTileLayer.m; sourceTree = "<group>"; };
		AC476333242BD8CD0012E64F /* GMUHeatmapTileLayer.h */ = {isa = PBXFileReference; fileEncoding = 4; lastKnownFileType = sourcecode.c.h; path = GMUHeatmapTileLayer.h; sourceTree = "<group>"; };
		AC476334242BD8CD0012E64F /* GMUWeightedLatLng.h */ = {isa = PBXFileReference; fileEncoding = 4; lastKnownFileType = sourcecode.c.h; path = GMUWeightedLatLng.h; sourceTree = "<group>"; };
		AC476338242BD8DF0012E64F /* GMUGeoJSONParser.m */ = {isa = PBXFileReference; fileEncoding = 4; lastKnownFileType = sourcecode.c.objc; path = GMUGeoJSONParser.m; sourceTree = "<group>"; };
		AC476339242BD8DF0012E64F /* GMUGeometryRenderer.h */ = {isa = PBXFileReference; fileEncoding = 4; lastKnownFileType = sourcecode.c.h; path = GMUGeometryRenderer.h; sourceTree = "<group>"; };
		AC47633A242BD8DF0012E64F /* GMUGeometryRenderer.m */ = {isa = PBXFileReference; fileEncoding = 4; lastKnownFileType = sourcecode.c.objc; path = GMUGeometryRenderer.m; sourceTree = "<group>"; };
		AC47633B242BD8DF0012E64F /* GMUGeoJSONParser.h */ = {isa = PBXFileReference; fileEncoding = 4; lastKnownFileType = sourcecode.c.h; path = GMUGeoJSONParser.h; sourceTree = "<group>"; };
		AC47633C242BD8DF0012E64F /* GMUGeometryRenderer+Testing.h */ = {isa = PBXFileReference; fileEncoding = 4; lastKnownFileType = sourcecode.c.h; path = "GMUGeometryRenderer+Testing.h"; sourceTree = "<group>"; };
		AC47633D242BD8DF0012E64F /* GMUKMLParser.m */ = {isa = PBXFileReference; fileEncoding = 4; lastKnownFileType = sourcecode.c.objc; path = GMUKMLParser.m; sourceTree = "<group>"; };
		AC47633E242BD8DF0012E64F /* GMUKMLParser.h */ = {isa = PBXFileReference; fileEncoding = 4; lastKnownFileType = sourcecode.c.h; path = GMUKMLParser.h; sourceTree = "<group>"; };
		AC476362242BD9090012E64F /* GMUPlacemark.m */ = {isa = PBXFileReference; fileEncoding = 4; lastKnownFileType = sourcecode.c.objc; path = GMUPlacemark.m; sourceTree = "<group>"; };
		AC476363242BD9090012E64F /* GMULineString.m */ = {isa = PBXFileReference; fileEncoding = 4; lastKnownFileType = sourcecode.c.objc; path = GMULineString.m; sourceTree = "<group>"; };
		AC476364242BD9090012E64F /* GMUStyleMap.h */ = {isa = PBXFileReference; fileEncoding = 4; lastKnownFileType = sourcecode.c.h; path = GMUStyleMap.h; sourceTree = "<group>"; };
		AC476365242BD9090012E64F /* GMUGroundOverlay.h */ = {isa = PBXFileReference; fileEncoding = 4; lastKnownFileType = sourcecode.c.h; path = GMUGroundOverlay.h; sourceTree = "<group>"; };
		AC476366242BD9090012E64F /* GMUPair.m */ = {isa = PBXFileReference; fileEncoding = 4; lastKnownFileType = sourcecode.c.objc; path = GMUPair.m; sourceTree = "<group>"; };
		AC476367242BD9090012E64F /* GMUStyle.h */ = {isa = PBXFileReference; fileEncoding = 4; lastKnownFileType = sourcecode.c.h; path = GMUStyle.h; sourceTree = "<group>"; };
		AC476368242BD9090012E64F /* GMUPlacemark.h */ = {isa = PBXFileReference; fileEncoding = 4; lastKnownFileType = sourcecode.c.h; path = GMUPlacemark.h; sourceTree = "<group>"; };
		AC476369242BD9090012E64F /* GMUStyle.m */ = {isa = PBXFileReference; fileEncoding = 4; lastKnownFileType = sourcecode.c.objc; path = GMUStyle.m; sourceTree = "<group>"; };
		AC47636A242BD9090012E64F /* GMUPoint.h */ = {isa = PBXFileReference; fileEncoding = 4; lastKnownFileType = sourcecode.c.h; path = GMUPoint.h; sourceTree = "<group>"; };
		AC47636B242BD9090012E64F /* GMULineString.h */ = {isa = PBXFileReference; fileEncoding = 4; lastKnownFileType = sourcecode.c.h; path = GMULineString.h; sourceTree = "<group>"; };
		AC47636C242BD9090012E64F /* GMUGeometry.h */ = {isa = PBXFileReference; fileEncoding = 4; lastKnownFileType = sourcecode.c.h; path = GMUGeometry.h; sourceTree = "<group>"; };
		AC47636D242BD9090012E64F /* GMUGeometryCollection.h */ = {isa = PBXFileReference; fileEncoding = 4; lastKnownFileType = sourcecode.c.h; path = GMUGeometryCollection.h; sourceTree = "<group>"; };
		AC47636E242BD9090012E64F /* GMUPair.h */ = {isa = PBXFileReference; fileEncoding = 4; lastKnownFileType = sourcecode.c.h; path = GMUPair.h; sourceTree = "<group>"; };
		AC47636F242BD9090012E64F /* GMUGeometryCollection.m */ = {isa = PBXFileReference; fileEncoding = 4; lastKnownFileType = sourcecode.c.objc; path = GMUGeometryCollection.m; sourceTree = "<group>"; };
		AC476370242BD90A0012E64F /* GMUStyleMap.m */ = {isa = PBXFileReference; fileEncoding = 4; lastKnownFileType = sourcecode.c.objc; path = GMUStyleMap.m; sourceTree = "<group>"; };
		AC476371242BD90A0012E64F /* GMUGeometryContainer.h */ = {isa = PBXFileReference; fileEncoding = 4; lastKnownFileType = sourcecode.c.h; path = GMUGeometryContainer.h; sourceTree = "<group>"; };
		AC476372242BD90A0012E64F /* GMUPoint.m */ = {isa = PBXFileReference; fileEncoding = 4; lastKnownFileType = sourcecode.c.objc; path = GMUPoint.m; sourceTree = "<group>"; };
		AC476373242BD90A0012E64F /* GMUPolygon.h */ = {isa = PBXFileReference; fileEncoding = 4; lastKnownFileType = sourcecode.c.h; path = GMUPolygon.h; sourceTree = "<group>"; };
		AC476374242BD90A0012E64F /* GMUFeature.h */ = {isa = PBXFileReference; fileEncoding = 4; lastKnownFileType = sourcecode.c.h; path = GMUFeature.h; sourceTree = "<group>"; };
		AC476375242BD90A0012E64F /* GMUFeature.m */ = {isa = PBXFileReference; fileEncoding = 4; lastKnownFileType = sourcecode.c.objc; path = GMUFeature.m; sourceTree = "<group>"; };
		AC476376242BD90A0012E64F /* GMUGroundOverlay.m */ = {isa = PBXFileReference; fileEncoding = 4; lastKnownFileType = sourcecode.c.objc; path = GMUGroundOverlay.m; sourceTree = "<group>"; };
		AC476377242BD90A0012E64F /* GMUPolygon.m */ = {isa = PBXFileReference; fileEncoding = 4; lastKnownFileType = sourcecode.c.objc; path = GMUPolygon.m; sourceTree = "<group>"; };
		AC476382242BD9200012E64F /* GMUMarkerClustering.h */ = {isa = PBXFileReference; fileEncoding = 4; lastKnownFileType = sourcecode.c.h; path = GMUMarkerClustering.h; sourceTree = "<group>"; };
		AC476383242BD9200012E64F /* GMUCluster.h */ = {isa = PBXFileReference; fileEncoding = 4; lastKnownFileType = sourcecode.c.h; path = GMUCluster.h; sourceTree = "<group>"; };
		AC476384242BD9200012E64F /* GMUClusterManager.h */ = {isa = PBXFileReference; fileEncoding = 4; lastKnownFileType = sourcecode.c.h; path = GMUClusterManager.h; sourceTree = "<group>"; };
		AC476385242BD9200012E64F /* GMUStaticCluster.m */ = {isa = PBXFileReference; fileEncoding = 4; lastKnownFileType = sourcecode.c.objc; path = GMUStaticCluster.m; sourceTree = "<group>"; };
		AC476386242BD9200012E64F /* GMUClusterItem.h */ = {isa = PBXFileReference; fileEncoding = 4; lastKnownFileType = sourcecode.c.h; path = GMUClusterItem.h; sourceTree = "<group>"; };
		AC476387242BD9200012E64F /* GMUClusterManager+Testing.h */ = {isa = PBXFileReference; fileEncoding = 4; lastKnownFileType = sourcecode.c.h; path = "GMUClusterManager+Testing.h"; sourceTree = "<group>"; };
		AC476388242BD9200012E64F /* GMUClusterManager.m */ = {isa = PBXFileReference; fileEncoding = 4; lastKnownFileType = sourcecode.c.objc; path = GMUClusterManager.m; sourceTree = "<group>"; };
		AC476389242BD9200012E64F /* GMUStaticCluster.h */ = {isa = PBXFileReference; fileEncoding = 4; lastKnownFileType = sourcecode.c.h; path = GMUStaticCluster.h; sourceTree = "<group>"; };
		AC47638C242BD9390012E64F /* GMUNonHierarchicalDistanceBasedAlgorithm.h */ = {isa = PBXFileReference; fileEncoding = 4; lastKnownFileType = sourcecode.c.h; path = GMUNonHierarchicalDistanceBasedAlgorithm.h; sourceTree = "<group>"; };
		AC47638D242BD9390012E64F /* GMUWrappingDictionaryKey.m */ = {isa = PBXFileReference; fileEncoding = 4; lastKnownFileType = sourcecode.c.objc; path = GMUWrappingDictionaryKey.m; sourceTree = "<group>"; };
		AC47638E242BD9390012E64F /* GMUGridBasedClusterAlgorithm.m */ = {isa = PBXFileReference; fileEncoding = 4; lastKnownFileType = sourcecode.c.objc; path = GMUGridBasedClusterAlgorithm.m; sourceTree = "<group>"; };
		AC47638F242BD9390012E64F /* GMUSimpleClusterAlgorithm.m */ = {isa = PBXFileReference; fileEncoding = 4; lastKnownFileType = sourcecode.c.objc; path = GMUSimpleClusterAlgorithm.m; sourceTree = "<group>"; };
		AC476390242BD9390012E64F /* GMUGridBasedClusterAlgorithm.h */ = {isa = PBXFileReference; fileEncoding = 4; lastKnownFileType = sourcecode.c.h; path = GMUGridBasedClusterAlgorithm.h; sourceTree = "<group>"; };
		AC476391242BD9390012E64F /* GMUWrappingDictionaryKey.h */ = {isa = PBXFileReference; fileEncoding = 4; lastKnownFileType = sourcecode.c.h; path = GMUWrappingDictionaryKey.h; sourceTree = "<group>"; };
		AC476392242BD9390012E64F /* GMUClusterAlgorithm.h */ = {isa = PBXFileReference; fileEncoding = 4; lastKnownFileType = sourcecode.c.h; path = GMUClusterAlgorithm.h; sourceTree = "<group>"; };
		AC476393242BD9390012E64F /* GMUSimpleClusterAlgorithm.h */ = {isa = PBXFileReference; fileEncoding = 4; lastKnownFileType = sourcecode.c.h; path = GMUSimpleClusterAlgorithm.h; sourceTree = "<group>"; };
		AC476394242BD9390012E64F /* GMUNonHierarchicalDistanceBasedAlgorithm.m */ = {isa = PBXFileReference; fileEncoding = 4; lastKnownFileType = sourcecode.c.objc; path = GMUNonHierarchicalDistanceBasedAlgorithm.m; sourceTree = "<group>"; };
		AC476399242BD9620012E64F /* GMUClusterIconGenerator.h */ = {isa = PBXFileReference; fileEncoding = 4; lastKnownFileType = sourcecode.c.h; path = GMUClusterIconGenerator.h; sourceTree = "<group>"; };
		AC47639A242BD9620012E64F /* GMUDefaultClusterRenderer+Testing.h */ = {isa = PBXFileReference; fileEncoding = 4; lastKnownFileType = sourcecode.c.h; path = "GMUDefaultClusterRenderer+Testing.h"; sourceTree = "<group>"; };
		AC47639B242BD9620012E64F /* GMUClusterRenderer.h */ = {isa = PBXFileReference; fileEncoding = 4; lastKnownFileType = sourcecode.c.h; path = GMUClusterRenderer.h; sourceTree = "<group>"; };
		AC47639C242BD9620012E64F /* GMUDefaultClusterRenderer.h */ = {isa = PBXFileReference; fileEncoding = 4; lastKnownFileType = sourcecode.c.h; path = GMUDefaultClusterRenderer.h; sourceTree = "<group>"; };
		AC47639D242BD9620012E64F /* GMUDefaultClusterIconGenerator.h */ = {isa = PBXFileReference; fileEncoding = 4; lastKnownFileType = sourcecode.c.h; path = GMUDefaultClusterIconGenerator.h; sourceTree = "<group>"; };
		AC47639E242BD9620012E64F /* GMUDefaultClusterIconGenerator.m */ = {isa = PBXFileReference; fileEncoding = 4; lastKnownFileType = sourcecode.c.objc; path = GMUDefaultClusterIconGenerator.m; sourceTree = "<group>"; };
		AC47639F242BD9620012E64F /* GMUDefaultClusterIconGenerator+Testing.h */ = {isa = PBXFileReference; fileEncoding = 4; lastKnownFileType = sourcecode.c.h; path = "GMUDefaultClusterIconGenerator+Testing.h"; sourceTree = "<group>"; };
		AC4763A0242BD9620012E64F /* GMUDefaultClusterRenderer.m */ = {isa = PBXFileReference; fileEncoding = 4; lastKnownFileType = sourcecode.c.objc; path = GMUDefaultClusterRenderer.m; sourceTree = "<group>"; };
		AC53CD3123BF48D300665ECD /* CreationPointViewController.swift */ = {isa = PBXFileReference; lastKnownFileType = sourcecode.swift; path = CreationPointViewController.swift; sourceTree = "<group>"; };
		AC5AAC0E23B7B484005AF47E /* checked-done.json */ = {isa = PBXFileReference; fileEncoding = 4; lastKnownFileType = text.json; path = "checked-done.json"; sourceTree = "<group>"; };
		AC5AAC1023B7B533005AF47E /* UIViewController+Extensions.swift */ = {isa = PBXFileReference; lastKnownFileType = sourcecode.swift; path = "UIViewController+Extensions.swift"; sourceTree = "<group>"; };
		AC61509723BA094700FE8210 /* loading-google.json */ = {isa = PBXFileReference; fileEncoding = 4; lastKnownFileType = text.json; path = "loading-google.json"; sourceTree = "<group>"; };
		AC745284242B642B00D2D0DA /* LocationManager.swift */ = {isa = PBXFileReference; lastKnownFileType = sourcecode.swift; path = LocationManager.swift; sourceTree = "<group>"; };
		AC745286242B643F00D2D0DA /* ApplictionSettings.swift */ = {isa = PBXFileReference; lastKnownFileType = sourcecode.swift; path = ApplictionSettings.swift; sourceTree = "<group>"; };
		AC98625923BE216300032DD7 /* search-empty.json */ = {isa = PBXFileReference; fileEncoding = 4; lastKnownFileType = text.json; path = "search-empty.json"; sourceTree = "<group>"; };
		AC98625B23BE229400032DD7 /* MapPoitsListViewController.swift */ = {isa = PBXFileReference; lastKnownFileType = sourcecode.swift; path = MapPoitsListViewController.swift; sourceTree = "<group>"; };
		AC98625E23BE27EE00032DD7 /* PointTableViewCell.swift */ = {isa = PBXFileReference; lastKnownFileType = sourcecode.swift; path = PointTableViewCell.swift; sourceTree = "<group>"; };
		AC98626023BE2B0300032DD7 /* location.json */ = {isa = PBXFileReference; fileEncoding = 4; lastKnownFileType = text.json; path = location.json; sourceTree = "<group>"; };
		AC98626223BE2EB300032DD7 /* MapViewController.swift */ = {isa = PBXFileReference; lastKnownFileType = sourcecode.swift; path = MapViewController.swift; sourceTree = "<group>"; };
		AC98626623BE656B00032DD7 /* GoogleMapService.swift */ = {isa = PBXFileReference; fileEncoding = 4; lastKnownFileType = sourcecode.swift; path = GoogleMapService.swift; sourceTree = "<group>"; };
		AC98626723BE656B00032DD7 /* AppleMapService.swift */ = {isa = PBXFileReference; fileEncoding = 4; lastKnownFileType = sourcecode.swift; path = AppleMapService.swift; sourceTree = "<group>"; };
		AC98626823BE656B00032DD7 /* MapService.swift */ = {isa = PBXFileReference; fileEncoding = 4; lastKnownFileType = sourcecode.swift; path = MapService.swift; sourceTree = "<group>"; };
		AC98626C23BE657300032DD7 /* MapViewDataSource.swift */ = {isa = PBXFileReference; fileEncoding = 4; lastKnownFileType = sourcecode.swift; path = MapViewDataSource.swift; sourceTree = "<group>"; };
		AC98626D23BE657300032DD7 /* MapView.swift */ = {isa = PBXFileReference; fileEncoding = 4; lastKnownFileType = sourcecode.swift; path = MapView.swift; sourceTree = "<group>"; };
		AC98626E23BE657300032DD7 /* MapViewDelegate.swift */ = {isa = PBXFileReference; fileEncoding = 4; lastKnownFileType = sourcecode.swift; path = MapViewDelegate.swift; sourceTree = "<group>"; };
		AC98634123BE75F800032DD7 /* GoogleUtilities.framework */ = {isa = PBXFileReference; explicitFileType = wrapper.framework; path = GoogleUtilities.framework; sourceTree = BUILT_PRODUCTS_DIR; };
		AC98634C23BE782600032DD7 /* MapPoint-Bridging-Header.h */ = {isa = PBXFileReference; lastKnownFileType = sourcecode.c.h; path = "MapPoint-Bridging-Header.h"; sourceTree = "<group>"; };
		AC98634D23BE96B800032DD7 /* firbaseBackup.json */ = {isa = PBXFileReference; fileEncoding = 4; lastKnownFileType = text.json; path = firbaseBackup.json; sourceTree = "<group>"; };
		ACC77D1223B55B2B007B6A0C /* MapPoints.app */ = {isa = PBXFileReference; explicitFileType = wrapper.application; includeInIndex = 0; path = MapPoints.app; sourceTree = BUILT_PRODUCTS_DIR; };
		ACC77D1523B55B2B007B6A0C /* AppDelegate.swift */ = {isa = PBXFileReference; lastKnownFileType = sourcecode.swift; path = AppDelegate.swift; sourceTree = "<group>"; };
		ACC77D1723B55B2B007B6A0C /* SceneDelegate.swift */ = {isa = PBXFileReference; lastKnownFileType = sourcecode.swift; path = SceneDelegate.swift; sourceTree = "<group>"; };
		ACC77D1C23B55B2B007B6A0C /* Base */ = {isa = PBXFileReference; lastKnownFileType = file.storyboard; name = Base; path = Base.lproj/Main.storyboard; sourceTree = "<group>"; };
		ACC77D1E23B55B2D007B6A0C /* Assets.xcassets */ = {isa = PBXFileReference; lastKnownFileType = folder.assetcatalog; path = Assets.xcassets; sourceTree = "<group>"; };
		ACC77D2123B55B2D007B6A0C /* Base */ = {isa = PBXFileReference; lastKnownFileType = file.storyboard; name = Base; path = Base.lproj/LaunchScreen.storyboard; sourceTree = "<group>"; };
		ACC77D2323B55B2D007B6A0C /* Info.plist */ = {isa = PBXFileReference; lastKnownFileType = text.plist.xml; path = Info.plist; sourceTree = "<group>"; };
		ACC77D2D23B55BEC007B6A0C /* SignInViewController.swift */ = {isa = PBXFileReference; lastKnownFileType = sourcecode.swift; path = SignInViewController.swift; sourceTree = "<group>"; };
		ACC77D3123B55C87007B6A0C /* MainTabBarViewController.swift */ = {isa = PBXFileReference; lastKnownFileType = sourcecode.swift; path = MainTabBarViewController.swift; sourceTree = "<group>"; };
		ACE3C76123B932AD00CD7A20 /* FirebaseDatastore.swift */ = {isa = PBXFileReference; lastKnownFileType = sourcecode.swift; path = FirebaseDatastore.swift; sourceTree = "<group>"; };
		ACE954BD24A53A7B00EEE732 /* AppDelegate+Notifications.swift */ = {isa = PBXFileReference; lastKnownFileType = sourcecode.swift; path = "AppDelegate+Notifications.swift"; sourceTree = "<group>"; };
		ACFDDAAD23BBCE5800F41530 /* Locations.swift */ = {isa = PBXFileReference; lastKnownFileType = sourcecode.swift; path = Locations.swift; sourceTree = "<group>"; };
		ACFDDAAF23BBCECE00F41530 /* Location.swift */ = {isa = PBXFileReference; lastKnownFileType = sourcecode.swift; path = Location.swift; sourceTree = "<group>"; };
		ACFDDAB123BBD16400F41530 /* Point.swift */ = {isa = PBXFileReference; lastKnownFileType = sourcecode.swift; path = Point.swift; sourceTree = "<group>"; };
		B67E559B232B8C46DEFA2B47 /* Pods_MapPoints.framework */ = {isa = PBXFileReference; explicitFileType = wrapper.framework; includeInIndex = 0; path = Pods_MapPoints.framework; sourceTree = BUILT_PRODUCTS_DIR; };
		B9CE0F783E0D81F980B27615 /* Pods-MapPoints.debug.xcconfig */ = {isa = PBXFileReference; includeInIndex = 1; lastKnownFileType = text.xcconfig; name = "Pods-MapPoints.debug.xcconfig"; path = "Target Support Files/Pods-MapPoints/Pods-MapPoints.debug.xcconfig"; sourceTree = "<group>"; };
		DB16F56D11A3CD41FD9F72C5 /* Pods-MapPoints.release.xcconfig */ = {isa = PBXFileReference; includeInIndex = 1; lastKnownFileType = text.xcconfig; name = "Pods-MapPoints.release.xcconfig"; path = "Target Support Files/Pods-MapPoints/Pods-MapPoints.release.xcconfig"; sourceTree = "<group>"; };
/* End PBXFileReference section */

/* Begin PBXFrameworksBuildPhase section */
		ACC77D0F23B55B2B007B6A0C /* Frameworks */ = {
			isa = PBXFrameworksBuildPhase;
			buildActionMask = 2147483647;
			files = (
				989483CDE86D3FC469C6F48C /* Pods_MapPoints.framework in Frameworks */,
			);
			runOnlyForDeploymentPostprocessing = 0;
		};
/* End PBXFrameworksBuildPhase section */

/* Begin PBXGroup section */
		05AA6807D636997F8FAFA861 /* Pods */ = {
			isa = PBXGroup;
			children = (
				B9CE0F783E0D81F980B27615 /* Pods-MapPoints.debug.xcconfig */,
				DB16F56D11A3CD41FD9F72C5 /* Pods-MapPoints.release.xcconfig */,
			);
			path = Pods;
			sourceTree = "<group>";
		};
		29A051C41FB70A261AF2EC36 /* Frameworks */ = {
			isa = PBXGroup;
			children = (
				AC98634123BE75F800032DD7 /* GoogleUtilities.framework */,
				B67E559B232B8C46DEFA2B47 /* Pods_MapPoints.framework */,
			);
			name = Frameworks;
			sourceTree = "<group>";
		};
		AC38ED4A23B68F94002AADB6 /* Managers */ = {
			isa = PBXGroup;
			children = (
				AC40986323B664FE00476648 /* UserManager.swift */,
				ACE3C76123B932AD00CD7A20 /* FirebaseDatastore.swift */,
				AC745284242B642B00D2D0DA /* LocationManager.swift */,
				AC745286242B643F00D2D0DA /* ApplictionSettings.swift */,
			);
			path = Managers;
			sourceTree = "<group>";
		};
		AC40985923B64BC500476648 /* Common */ = {
			isa = PBXGroup;
			children = (
				AC47624D242BB5BE0012E64F /* Material.swift */,
				AC98626423BE652A00032DD7 /* Map */,
				AC40985123B6481600476648 /* Identifiers.swift */,
				AC40985523B64B4500476648 /* BaseController.swift */,
				AC98625D23BE27BB00032DD7 /* Cells */,
				AC40985A23B64BD000476648 /* Extensions */,
			);
			path = Common;
			sourceTree = "<group>";
		};
		AC40985A23B64BD000476648 /* Extensions */ = {
			isa = PBXGroup;
			children = (
				AC40985723B64BBE00476648 /* Notifications+Extensions.swift */,
				AC40985F23B6517E00476648 /* UIColor+Extensions.swift */,
				AC40986123B6570200476648 /* String+Extensions.swift */,
				AC5AAC1023B7B533005AF47E /* UIViewController+Extensions.swift */,
			);
			path = Extensions;
			sourceTree = "<group>";
		};
		AC4649642464C07F000E8E08 /* SearchViewControllers */ = {
			isa = PBXGroup;
			children = (
				AC4649602464BF6D000E8E08 /* SearchResultViewController.swift */,
			);
			path = SearchViewControllers;
			sourceTree = "<group>";
		};
		AC4762C1242BD7D70012E64F /* Google-Maps-iOS-Utils */ = {
			isa = PBXGroup;
			children = (
				AC4762C5242BD8160012E64F /* QuadTree */,
				AC4762C4242BD80F0012E64F /* Heatmap */,
				AC4762C3242BD8070012E64F /* Geometry */,
				AC4762C2242BD7E00012E64F /* Clustering */,
			);
			path = "Google-Maps-iOS-Utils";
			sourceTree = "<group>";
		};
		AC4762C2242BD7E00012E64F /* Clustering */ = {
			isa = PBXGroup;
			children = (
				AC476383242BD9200012E64F /* GMUCluster.h */,
				AC476386242BD9200012E64F /* GMUClusterItem.h */,
				AC476384242BD9200012E64F /* GMUClusterManager.h */,
				AC476388242BD9200012E64F /* GMUClusterManager.m */,
				AC476387242BD9200012E64F /* GMUClusterManager+Testing.h */,
				AC476382242BD9200012E64F /* GMUMarkerClustering.h */,
				AC476389242BD9200012E64F /* GMUStaticCluster.h */,
				AC476385242BD9200012E64F /* GMUStaticCluster.m */,
				AC476318242BD8690012E64F /* Algo */,
				AC47630D242BD85A0012E64F /* View */,
			);
			path = Clustering;
			sourceTree = "<group>";
		};
		AC4762C3242BD8070012E64F /* Geometry */ = {
			isa = PBXGroup;
			children = (
				AC47633B242BD8DF0012E64F /* GMUGeoJSONParser.h */,
				AC476338242BD8DF0012E64F /* GMUGeoJSONParser.m */,
				AC476339242BD8DF0012E64F /* GMUGeometryRenderer.h */,
				AC47633A242BD8DF0012E64F /* GMUGeometryRenderer.m */,
				AC47633C242BD8DF0012E64F /* GMUGeometryRenderer+Testing.h */,
				AC47633E242BD8DF0012E64F /* GMUKMLParser.h */,
				AC47633D242BD8DF0012E64F /* GMUKMLParser.m */,
				AC4762E2242BD8360012E64F /* Model */,
			);
			path = Geometry;
			sourceTree = "<group>";
		};
		AC4762C4242BD80F0012E64F /* Heatmap */ = {
			isa = PBXGroup;
			children = (
				AC47632F242BD8CD0012E64F /* GMUGradient.h */,
				AC476331242BD8CD0012E64F /* GMUGradient.m */,
				AC476333242BD8CD0012E64F /* GMUHeatmapTileLayer.h */,
				AC476332242BD8CD0012E64F /* GMUHeatmapTileLayer.m */,
				AC476334242BD8CD0012E64F /* GMUWeightedLatLng.h */,
				AC476330242BD8CD0012E64F /* GMUWeightedLatLng.m */,
			);
			path = Heatmap;
			sourceTree = "<group>";
		};
		AC4762C5242BD8160012E64F /* QuadTree */ = {
			isa = PBXGroup;
			children = (
				AC47632A242BD8C00012E64F /* GQTBounds.h */,
				AC476329242BD8C00012E64F /* GQTPoint.h */,
				AC476326242BD8C00012E64F /* GQTPointQuadTree.h */,
				AC47632B242BD8C00012E64F /* GQTPointQuadTree.m */,
				AC476328242BD8C00012E64F /* GQTPointQuadTreeChild.h */,
				AC476327242BD8C00012E64F /* GQTPointQuadTreeChild.m */,
				AC47632C242BD8C00012E64F /* GQTPointQuadTreeItem.h */,
			);
			path = QuadTree;
			sourceTree = "<group>";
		};
		AC4762E2242BD8360012E64F /* Model */ = {
			isa = PBXGroup;
			children = (
				AC476374242BD90A0012E64F /* GMUFeature.h */,
				AC476375242BD90A0012E64F /* GMUFeature.m */,
				AC47636C242BD9090012E64F /* GMUGeometry.h */,
				AC47636D242BD9090012E64F /* GMUGeometryCollection.h */,
				AC47636F242BD9090012E64F /* GMUGeometryCollection.m */,
				AC476371242BD90A0012E64F /* GMUGeometryContainer.h */,
				AC476365242BD9090012E64F /* GMUGroundOverlay.h */,
				AC476376242BD90A0012E64F /* GMUGroundOverlay.m */,
				AC47636B242BD9090012E64F /* GMULineString.h */,
				AC476363242BD9090012E64F /* GMULineString.m */,
				AC47636E242BD9090012E64F /* GMUPair.h */,
				AC476366242BD9090012E64F /* GMUPair.m */,
				AC476368242BD9090012E64F /* GMUPlacemark.h */,
				AC476362242BD9090012E64F /* GMUPlacemark.m */,
				AC47636A242BD9090012E64F /* GMUPoint.h */,
				AC476372242BD90A0012E64F /* GMUPoint.m */,
				AC476373242BD90A0012E64F /* GMUPolygon.h */,
				AC476377242BD90A0012E64F /* GMUPolygon.m */,
				AC476367242BD9090012E64F /* GMUStyle.h */,
				AC476369242BD9090012E64F /* GMUStyle.m */,
				AC476364242BD9090012E64F /* GMUStyleMap.h */,
				AC476370242BD90A0012E64F /* GMUStyleMap.m */,
			);
			path = Model;
			sourceTree = "<group>";
		};
		AC47630D242BD85A0012E64F /* View */ = {
			isa = PBXGroup;
			children = (
				AC476399242BD9620012E64F /* GMUClusterIconGenerator.h */,
				AC47639B242BD9620012E64F /* GMUClusterRenderer.h */,
				AC47639D242BD9620012E64F /* GMUDefaultClusterIconGenerator.h */,
				AC47639E242BD9620012E64F /* GMUDefaultClusterIconGenerator.m */,
				AC47639F242BD9620012E64F /* GMUDefaultClusterIconGenerator+Testing.h */,
				AC47639C242BD9620012E64F /* GMUDefaultClusterRenderer.h */,
				AC4763A0242BD9620012E64F /* GMUDefaultClusterRenderer.m */,
				AC47639A242BD9620012E64F /* GMUDefaultClusterRenderer+Testing.h */,
			);
			path = View;
			sourceTree = "<group>";
		};
		AC476318242BD8690012E64F /* Algo */ = {
			isa = PBXGroup;
			children = (
				AC476392242BD9390012E64F /* GMUClusterAlgorithm.h */,
				AC476390242BD9390012E64F /* GMUGridBasedClusterAlgorithm.h */,
				AC47638E242BD9390012E64F /* GMUGridBasedClusterAlgorithm.m */,
				AC47638C242BD9390012E64F /* GMUNonHierarchicalDistanceBasedAlgorithm.h */,
				AC476394242BD9390012E64F /* GMUNonHierarchicalDistanceBasedAlgorithm.m */,
				AC476393242BD9390012E64F /* GMUSimpleClusterAlgorithm.h */,
				AC47638F242BD9390012E64F /* GMUSimpleClusterAlgorithm.m */,
				AC476391242BD9390012E64F /* GMUWrappingDictionaryKey.h */,
				AC47638D242BD9390012E64F /* GMUWrappingDictionaryKey.m */,
			);
			path = Algo;
			sourceTree = "<group>";
		};
		AC98625D23BE27BB00032DD7 /* Cells */ = {
			isa = PBXGroup;
			children = (
				AC98625E23BE27EE00032DD7 /* PointTableViewCell.swift */,
			);
			path = Cells;
			sourceTree = "<group>";
		};
		AC98626423BE652A00032DD7 /* Map */ = {
			isa = PBXGroup;
			children = (
				AC98626D23BE657300032DD7 /* MapView.swift */,
				AC98626C23BE657300032DD7 /* MapViewDataSource.swift */,
				AC98626E23BE657300032DD7 /* MapViewDelegate.swift */,
				AC98626523BE655C00032DD7 /* Services */,
			);
			path = Map;
			sourceTree = "<group>";
		};
		AC98626523BE655C00032DD7 /* Services */ = {
			isa = PBXGroup;
			children = (
				AC98626723BE656B00032DD7 /* AppleMapService.swift */,
				AC98626623BE656B00032DD7 /* GoogleMapService.swift */,
				AC98626823BE656B00032DD7 /* MapService.swift */,
			);
			path = Services;
			sourceTree = "<group>";
		};
		ACB6A6F223BCF19D009A2289 /* Entities */ = {
			isa = PBXGroup;
			children = (
				ACFDDAAD23BBCE5800F41530 /* Locations.swift */,
				ACFDDAAF23BBCECE00F41530 /* Location.swift */,
				ACFDDAB123BBD16400F41530 /* Point.swift */,
			);
			path = Entities;
			sourceTree = "<group>";
		};
		ACC77D0923B55B2B007B6A0C = {
			isa = PBXGroup;
			children = (
				ACC77D1423B55B2B007B6A0C /* MapPoints */,
				ACC77D1323B55B2B007B6A0C /* Products */,
				05AA6807D636997F8FAFA861 /* Pods */,
				29A051C41FB70A261AF2EC36 /* Frameworks */,
			);
			sourceTree = "<group>";
		};
		ACC77D1323B55B2B007B6A0C /* Products */ = {
			isa = PBXGroup;
			children = (
				ACC77D1223B55B2B007B6A0C /* MapPoints.app */,
			);
			name = Products;
			sourceTree = "<group>";
		};
		ACC77D1423B55B2B007B6A0C /* MapPoints */ = {
			isa = PBXGroup;
			children = (
				ACC77D2C23B55B90007B6A0C /* AppDelegate */,
				ACC77D3323B55C96007B6A0C /* Coordinators */,
				AC38ED4A23B68F94002AADB6 /* Managers */,
				ACC77D2A23B55B69007B6A0C /* Modules */,
				AC40985923B64BC500476648 /* Common */,
				ACB6A6F223BCF19D009A2289 /* Entities */,
				ACC77D2923B55B5C007B6A0C /* Storyboards */,
				ACC77D2B23B55B76007B6A0C /* Sources */,
				ACC77D2323B55B2D007B6A0C /* Info.plist */,
				AC40985D23B64CE300476648 /* GoogleService-Info.plist */,
				AC98634C23BE782600032DD7 /* MapPoint-Bridging-Header.h */,
				AC4762C1242BD7D70012E64F /* Google-Maps-iOS-Utils */,
			);
			path = MapPoints;
			sourceTree = "<group>";
		};
		ACC77D2923B55B5C007B6A0C /* Storyboards */ = {
			isa = PBXGroup;
			children = (
				ACC77D1B23B55B2B007B6A0C /* Main.storyboard */,
				ACC77D2023B55B2D007B6A0C /* LaunchScreen.storyboard */,
				AC4649622464C054000E8E08 /* Modal.storyboard */,
			);
			path = Storyboards;
			sourceTree = "<group>";
		};
		ACC77D2A23B55B69007B6A0C /* Modules */ = {
			isa = PBXGroup;
			children = (
				AC4649642464C07F000E8E08 /* SearchViewControllers */,
				ACC77D2D23B55BEC007B6A0C /* SignInViewController.swift */,
				ACC77D3123B55C87007B6A0C /* MainTabBarViewController.swift */,
				AC38ED4B23B69C58002AADB6 /* ProfileViewContrller.swift */,
				AC98625B23BE229400032DD7 /* MapPoitsListViewController.swift */,
				AC98626223BE2EB300032DD7 /* MapViewController.swift */,
				AC53CD3123BF48D300665ECD /* CreationPointViewController.swift */,
			);
			path = Modules;
			sourceTree = "<group>";
		};
		ACC77D2B23B55B76007B6A0C /* Sources */ = {
			isa = PBXGroup;
			children = (
				AC98634D23BE96B800032DD7 /* firbaseBackup.json */,
				AC98626023BE2B0300032DD7 /* location.json */,
				AC98625923BE216300032DD7 /* search-empty.json */,
				AC61509723BA094700FE8210 /* loading-google.json */,
				AC5AAC0E23B7B484005AF47E /* checked-done.json */,
				AC40985323B64AB300476648 /* landing-page.json */,
				AC40984F23B6454D00476648 /* blue-waves-animation.json */,
				ACC77D1E23B55B2D007B6A0C /* Assets.xcassets */,
			);
			path = Sources;
			sourceTree = "<group>";
		};
		ACC77D2C23B55B90007B6A0C /* AppDelegate */ = {
			isa = PBXGroup;
			children = (
				ACC77D1523B55B2B007B6A0C /* AppDelegate.swift */,
				ACE954BD24A53A7B00EEE732 /* AppDelegate+Notifications.swift */,
				AC40985B23B64C5100476648 /* AppDelegate+Extensions.swift */,
				ACC77D1723B55B2B007B6A0C /* SceneDelegate.swift */,
			);
			path = AppDelegate;
			sourceTree = "<group>";
		};
		ACC77D3323B55C96007B6A0C /* Coordinators */ = {
			isa = PBXGroup;
			children = (
				AC40986523B6676300476648 /* MainCoordinator.swift */,
			);
			path = Coordinators;
			sourceTree = "<group>";
		};
/* End PBXGroup section */

/* Begin PBXNativeTarget section */
		ACC77D1123B55B2B007B6A0C /* MapPoints */ = {
			isa = PBXNativeTarget;
			buildConfigurationList = ACC77D2623B55B2D007B6A0C /* Build configuration list for PBXNativeTarget "MapPoints" */;
			buildPhases = (
				7DB25E8E68C3BCB49B6106BF /* [CP] Check Pods Manifest.lock */,
				ACC77D0E23B55B2B007B6A0C /* Sources */,
				ACC77D0F23B55B2B007B6A0C /* Frameworks */,
				ACC77D1023B55B2B007B6A0C /* Resources */,
				F2E5D55402820AB3156C27B8 /* [CP] Copy Pods Resources */,
				5B6A83FD080555C47A9B812C /* [CP] Embed Pods Frameworks */,
			);
			buildRules = (
			);
			dependencies = (
			);
			name = MapPoints;
			productName = MapPoints;
			productReference = ACC77D1223B55B2B007B6A0C /* MapPoints.app */;
			productType = "com.apple.product-type.application";
		};
/* End PBXNativeTarget section */

/* Begin PBXProject section */
		ACC77D0A23B55B2B007B6A0C /* Project object */ = {
			isa = PBXProject;
			attributes = {
				LastSwiftUpdateCheck = 1130;
				LastUpgradeCheck = 1130;
				ORGANIZATIONNAME = Artem;
				TargetAttributes = {
					ACC77D1123B55B2B007B6A0C = {
						CreatedOnToolsVersion = 11.3;
						LastSwiftMigration = 1130;
					};
				};
			};
			buildConfigurationList = ACC77D0D23B55B2B007B6A0C /* Build configuration list for PBXProject "MapPoints" */;
			compatibilityVersion = "Xcode 9.3";
			developmentRegion = en;
			hasScannedForEncodings = 0;
			knownRegions = (
				en,
				Base,
			);
			mainGroup = ACC77D0923B55B2B007B6A0C;
			productRefGroup = ACC77D1323B55B2B007B6A0C /* Products */;
			projectDirPath = "";
			projectRoot = "";
			targets = (
				ACC77D1123B55B2B007B6A0C /* MapPoints */,
			);
		};
/* End PBXProject section */

/* Begin PBXResourcesBuildPhase section */
		ACC77D1023B55B2B007B6A0C /* Resources */ = {
			isa = PBXResourcesBuildPhase;
			buildActionMask = 2147483647;
			files = (
				ACC77D2223B55B2D007B6A0C /* LaunchScreen.storyboard in Resources */,
				AC98634E23BE96B800032DD7 /* firbaseBackup.json in Resources */,
				AC40985023B6454D00476648 /* blue-waves-animation.json in Resources */,
				AC40985423B64AB400476648 /* landing-page.json in Resources */,
				AC4649632464C054000E8E08 /* Modal.storyboard in Resources */,
				AC61509823BA094700FE8210 /* loading-google.json in Resources */,
				ACC77D1F23B55B2D007B6A0C /* Assets.xcassets in Resources */,
				ACC77D1D23B55B2B007B6A0C /* Main.storyboard in Resources */,
				AC5AAC0F23B7B484005AF47E /* checked-done.json in Resources */,
				AC40985E23B64CE300476648 /* GoogleService-Info.plist in Resources */,
				AC98626123BE2B0300032DD7 /* location.json in Resources */,
				AC98625A23BE216400032DD7 /* search-empty.json in Resources */,
			);
			runOnlyForDeploymentPostprocessing = 0;
		};
/* End PBXResourcesBuildPhase section */

/* Begin PBXShellScriptBuildPhase section */
		5B6A83FD080555C47A9B812C /* [CP] Embed Pods Frameworks */ = {
			isa = PBXShellScriptBuildPhase;
			buildActionMask = 2147483647;
			files = (
			);
			inputFileListPaths = (
				"${PODS_ROOT}/Target Support Files/Pods-MapPoints/Pods-MapPoints-frameworks-${CONFIGURATION}-input-files.xcfilelist",
			);
			name = "[CP] Embed Pods Frameworks";
			outputFileListPaths = (
				"${PODS_ROOT}/Target Support Files/Pods-MapPoints/Pods-MapPoints-frameworks-${CONFIGURATION}-output-files.xcfilelist",
			);
			runOnlyForDeploymentPostprocessing = 0;
			shellPath = /bin/sh;
			shellScript = "\"${PODS_ROOT}/Target Support Files/Pods-MapPoints/Pods-MapPoints-frameworks.sh\"\n";
			showEnvVarsInLog = 0;
		};
		7DB25E8E68C3BCB49B6106BF /* [CP] Check Pods Manifest.lock */ = {
			isa = PBXShellScriptBuildPhase;
			buildActionMask = 2147483647;
			files = (
			);
			inputFileListPaths = (
			);
			inputPaths = (
				"${PODS_PODFILE_DIR_PATH}/Podfile.lock",
				"${PODS_ROOT}/Manifest.lock",
			);
			name = "[CP] Check Pods Manifest.lock";
			outputFileListPaths = (
			);
			outputPaths = (
				"$(DERIVED_FILE_DIR)/Pods-MapPoints-checkManifestLockResult.txt",
			);
			runOnlyForDeploymentPostprocessing = 0;
			shellPath = /bin/sh;
			shellScript = "diff \"${PODS_PODFILE_DIR_PATH}/Podfile.lock\" \"${PODS_ROOT}/Manifest.lock\" > /dev/null\nif [ $? != 0 ] ; then\n    # print error to STDERR\n    echo \"error: The sandbox is not in sync with the Podfile.lock. Run 'pod install' or update your CocoaPods installation.\" >&2\n    exit 1\nfi\n# This output is used by Xcode 'outputs' to avoid re-running this script phase.\necho \"SUCCESS\" > \"${SCRIPT_OUTPUT_FILE_0}\"\n";
			showEnvVarsInLog = 0;
		};
		F2E5D55402820AB3156C27B8 /* [CP] Copy Pods Resources */ = {
			isa = PBXShellScriptBuildPhase;
			buildActionMask = 2147483647;
			files = (
			);
			inputFileListPaths = (
				"${PODS_ROOT}/Target Support Files/Pods-MapPoints/Pods-MapPoints-resources-${CONFIGURATION}-input-files.xcfilelist",
			);
			name = "[CP] Copy Pods Resources";
			outputFileListPaths = (
				"${PODS_ROOT}/Target Support Files/Pods-MapPoints/Pods-MapPoints-resources-${CONFIGURATION}-output-files.xcfilelist",
			);
			runOnlyForDeploymentPostprocessing = 0;
			shellPath = /bin/sh;
			shellScript = "\"${PODS_ROOT}/Target Support Files/Pods-MapPoints/Pods-MapPoints-resources.sh\"\n";
			showEnvVarsInLog = 0;
		};
/* End PBXShellScriptBuildPhase section */

/* Begin PBXSourcesBuildPhase section */
		ACC77D0E23B55B2B007B6A0C /* Sources */ = {
			isa = PBXSourcesBuildPhase;
			buildActionMask = 2147483647;
			files = (
				AC476336242BD8CD0012E64F /* GMUGradient.m in Sources */,
				AC38ED4C23B69C58002AADB6 /* ProfileViewContrller.swift in Sources */,
				AC98626A23BE656B00032DD7 /* AppleMapService.swift in Sources */,
				AC98626B23BE656B00032DD7 /* MapService.swift in Sources */,
				AC40986223B6570200476648 /* String+Extensions.swift in Sources */,
				AC476337242BD8CD0012E64F /* GMUHeatmapTileLayer.m in Sources */,
				AC40986623B6676300476648 /* MainCoordinator.swift in Sources */,
				ACC77D3223B55C87007B6A0C /* MainTabBarViewController.swift in Sources */,
				AC476396242BD9390012E64F /* GMUGridBasedClusterAlgorithm.m in Sources */,
				ACC77D1623B55B2B007B6A0C /* AppDelegate.swift in Sources */,
				AC47637F242BD90A0012E64F /* GMUFeature.m in Sources */,
				AC98626923BE656B00032DD7 /* GoogleMapService.swift in Sources */,
				ACFDDAB023BBCECE00F41530 /* Location.swift in Sources */,
				AC476380242BD90A0012E64F /* GMUGroundOverlay.m in Sources */,
				AC476379242BD90A0012E64F /* GMULineString.m in Sources */,
				AC4763A2242BD9620012E64F /* GMUDefaultClusterRenderer.m in Sources */,
				AC98627123BE657300032DD7 /* MapViewDelegate.swift in Sources */,
				AC745287242B643F00D2D0DA /* ApplictionSettings.swift in Sources */,
				AC476378242BD90A0012E64F /* GMUPlacemark.m in Sources */,
				ACE3C76223B932AD00CD7A20 /* FirebaseDatastore.swift in Sources */,
				AC47637D242BD90A0012E64F /* GMUStyleMap.m in Sources */,
				AC476398242BD9390012E64F /* GMUNonHierarchicalDistanceBasedAlgorithm.m in Sources */,
				ACFDDAAE23BBCE5800F41530 /* Locations.swift in Sources */,
				AC476395242BD9390012E64F /* GMUWrappingDictionaryKey.m in Sources */,
				AC98625F23BE27EE00032DD7 /* PointTableViewCell.swift in Sources */,
				AC40985623B64B4500476648 /* BaseController.swift in Sources */,
				AC47638A242BD9200012E64F /* GMUStaticCluster.m in Sources */,
				AC47632D242BD8C10012E64F /* GQTPointQuadTreeChild.m in Sources */,
				AC476340242BD8DF0012E64F /* GMUGeometryRenderer.m in Sources */,
				ACC77D1823B55B2B007B6A0C /* SceneDelegate.swift in Sources */,
				ACC77D2E23B55BEC007B6A0C /* SignInViewController.swift in Sources */,
				AC476335242BD8CD0012E64F /* GMUWeightedLatLng.m in Sources */,
				AC40985223B6481600476648 /* Identifiers.swift in Sources */,
				AC98626F23BE657300032DD7 /* MapViewDataSource.swift in Sources */,
				AC98627023BE657300032DD7 /* MapView.swift in Sources */,
				AC98626323BE2EB300032DD7 /* MapViewController.swift in Sources */,
				AC476341242BD8DF0012E64F /* GMUKMLParser.m in Sources */,
				AC47632E242BD8C10012E64F /* GQTPointQuadTree.m in Sources */,
				AC40985C23B64C5100476648 /* AppDelegate+Extensions.swift in Sources */,
				AC5AAC1123B7B533005AF47E /* UIViewController+Extensions.swift in Sources */,
				ACFDDAB223BBD16400F41530 /* Point.swift in Sources */,
				AC40986023B6517E00476648 /* UIColor+Extensions.swift in Sources */,
				AC53CD3223BF48D300665ECD /* CreationPointViewController.swift in Sources */,
				ACE954BE24A53A7B00EEE732 /* AppDelegate+Notifications.swift in Sources */,
				AC47638B242BD9200012E64F /* GMUClusterManager.m in Sources */,
				AC47637C242BD90A0012E64F /* GMUGeometryCollection.m in Sources */,
				AC98625C23BE229400032DD7 /* MapPoitsListViewController.swift in Sources */,
				AC4763A1242BD9620012E64F /* GMUDefaultClusterIconGenerator.m in Sources */,
				AC47637B242BD90A0012E64F /* GMUStyle.m in Sources */,
				AC47624E242BB5BE0012E64F /* Material.swift in Sources */,
				AC47637A242BD90A0012E64F /* GMUPair.m in Sources */,
				AC476397242BD9390012E64F /* GMUSimpleClusterAlgorithm.m in Sources */,
				AC476381242BD90A0012E64F /* GMUPolygon.m in Sources */,
				AC40986423B664FE00476648 /* UserManager.swift in Sources */,
				AC5CC95E24D0CAE8004D4258 /* LocationManager.swift in Sources */,
				AC40985823B64BBE00476648 /* Notifications+Extensions.swift in Sources */,
				AC47637E242BD90A0012E64F /* GMUPoint.m in Sources */,
				AC4649612464BF6D000E8E08 /* SearchResultViewController.swift in Sources */,
				AC47633F242BD8DF0012E64F /* GMUGeoJSONParser.m in Sources */,
			);
			runOnlyForDeploymentPostprocessing = 0;
		};
/* End PBXSourcesBuildPhase section */

/* Begin PBXVariantGroup section */
		ACC77D1B23B55B2B007B6A0C /* Main.storyboard */ = {
			isa = PBXVariantGroup;
			children = (
				ACC77D1C23B55B2B007B6A0C /* Base */,
			);
			name = Main.storyboard;
			sourceTree = "<group>";
		};
		ACC77D2023B55B2D007B6A0C /* LaunchScreen.storyboard */ = {
			isa = PBXVariantGroup;
			children = (
				ACC77D2123B55B2D007B6A0C /* Base */,
			);
			name = LaunchScreen.storyboard;
			sourceTree = "<group>";
		};
/* End PBXVariantGroup section */

/* Begin XCBuildConfiguration section */
		ACC77D2423B55B2D007B6A0C /* Debug */ = {
			isa = XCBuildConfiguration;
			buildSettings = {
				ALWAYS_SEARCH_USER_PATHS = NO;
				CLANG_ANALYZER_NONNULL = YES;
				CLANG_ANALYZER_NUMBER_OBJECT_CONVERSION = YES_AGGRESSIVE;
				CLANG_CXX_LANGUAGE_STANDARD = "gnu++14";
				CLANG_CXX_LIBRARY = "libc++";
				CLANG_ENABLE_MODULES = YES;
				CLANG_ENABLE_OBJC_ARC = YES;
				CLANG_ENABLE_OBJC_WEAK = YES;
				CLANG_WARN_BLOCK_CAPTURE_AUTORELEASING = YES;
				CLANG_WARN_BOOL_CONVERSION = YES;
				CLANG_WARN_COMMA = YES;
				CLANG_WARN_CONSTANT_CONVERSION = YES;
				CLANG_WARN_DEPRECATED_OBJC_IMPLEMENTATIONS = YES;
				CLANG_WARN_DIRECT_OBJC_ISA_USAGE = YES_ERROR;
				CLANG_WARN_DOCUMENTATION_COMMENTS = YES;
				CLANG_WARN_EMPTY_BODY = YES;
				CLANG_WARN_ENUM_CONVERSION = YES;
				CLANG_WARN_INFINITE_RECURSION = YES;
				CLANG_WARN_INT_CONVERSION = YES;
				CLANG_WARN_NON_LITERAL_NULL_CONVERSION = YES;
				CLANG_WARN_OBJC_IMPLICIT_RETAIN_SELF = YES;
				CLANG_WARN_OBJC_LITERAL_CONVERSION = YES;
				CLANG_WARN_OBJC_ROOT_CLASS = YES_ERROR;
				CLANG_WARN_RANGE_LOOP_ANALYSIS = YES;
				CLANG_WARN_STRICT_PROTOTYPES = YES;
				CLANG_WARN_SUSPICIOUS_MOVE = YES;
				CLANG_WARN_UNGUARDED_AVAILABILITY = YES_AGGRESSIVE;
				CLANG_WARN_UNREACHABLE_CODE = YES;
				CLANG_WARN__DUPLICATE_METHOD_MATCH = YES;
				COPY_PHASE_STRIP = NO;
				DEBUG_INFORMATION_FORMAT = dwarf;
				ENABLE_STRICT_OBJC_MSGSEND = YES;
				ENABLE_TESTABILITY = YES;
				GCC_C_LANGUAGE_STANDARD = gnu11;
				GCC_DYNAMIC_NO_PIC = NO;
				GCC_NO_COMMON_BLOCKS = YES;
				GCC_OPTIMIZATION_LEVEL = 0;
				GCC_PREPROCESSOR_DEFINITIONS = (
					"DEBUG=1",
					"$(inherited)",
				);
				GCC_WARN_64_TO_32_BIT_CONVERSION = YES;
				GCC_WARN_ABOUT_RETURN_TYPE = YES_ERROR;
				GCC_WARN_UNDECLARED_SELECTOR = YES;
				GCC_WARN_UNINITIALIZED_AUTOS = YES_AGGRESSIVE;
				GCC_WARN_UNUSED_FUNCTION = YES;
				GCC_WARN_UNUSED_VARIABLE = YES;
				IPHONEOS_DEPLOYMENT_TARGET = 13.2;
				MTL_ENABLE_DEBUG_INFO = INCLUDE_SOURCE;
				MTL_FAST_MATH = YES;
				ONLY_ACTIVE_ARCH = YES;
				SDKROOT = iphoneos;
				SWIFT_ACTIVE_COMPILATION_CONDITIONS = DEBUG;
				SWIFT_OPTIMIZATION_LEVEL = "-Onone";
			};
			name = Debug;
		};
		ACC77D2523B55B2D007B6A0C /* Release */ = {
			isa = XCBuildConfiguration;
			buildSettings = {
				ALWAYS_SEARCH_USER_PATHS = NO;
				CLANG_ANALYZER_NONNULL = YES;
				CLANG_ANALYZER_NUMBER_OBJECT_CONVERSION = YES_AGGRESSIVE;
				CLANG_CXX_LANGUAGE_STANDARD = "gnu++14";
				CLANG_CXX_LIBRARY = "libc++";
				CLANG_ENABLE_MODULES = YES;
				CLANG_ENABLE_OBJC_ARC = YES;
				CLANG_ENABLE_OBJC_WEAK = YES;
				CLANG_WARN_BLOCK_CAPTURE_AUTORELEASING = YES;
				CLANG_WARN_BOOL_CONVERSION = YES;
				CLANG_WARN_COMMA = YES;
				CLANG_WARN_CONSTANT_CONVERSION = YES;
				CLANG_WARN_DEPRECATED_OBJC_IMPLEMENTATIONS = YES;
				CLANG_WARN_DIRECT_OBJC_ISA_USAGE = YES_ERROR;
				CLANG_WARN_DOCUMENTATION_COMMENTS = YES;
				CLANG_WARN_EMPTY_BODY = YES;
				CLANG_WARN_ENUM_CONVERSION = YES;
				CLANG_WARN_INFINITE_RECURSION = YES;
				CLANG_WARN_INT_CONVERSION = YES;
				CLANG_WARN_NON_LITERAL_NULL_CONVERSION = YES;
				CLANG_WARN_OBJC_IMPLICIT_RETAIN_SELF = YES;
				CLANG_WARN_OBJC_LITERAL_CONVERSION = YES;
				CLANG_WARN_OBJC_ROOT_CLASS = YES_ERROR;
				CLANG_WARN_RANGE_LOOP_ANALYSIS = YES;
				CLANG_WARN_STRICT_PROTOTYPES = YES;
				CLANG_WARN_SUSPICIOUS_MOVE = YES;
				CLANG_WARN_UNGUARDED_AVAILABILITY = YES_AGGRESSIVE;
				CLANG_WARN_UNREACHABLE_CODE = YES;
				CLANG_WARN__DUPLICATE_METHOD_MATCH = YES;
				COPY_PHASE_STRIP = NO;
				DEBUG_INFORMATION_FORMAT = "dwarf-with-dsym";
				ENABLE_NS_ASSERTIONS = NO;
				ENABLE_STRICT_OBJC_MSGSEND = YES;
				GCC_C_LANGUAGE_STANDARD = gnu11;
				GCC_NO_COMMON_BLOCKS = YES;
				GCC_WARN_64_TO_32_BIT_CONVERSION = YES;
				GCC_WARN_ABOUT_RETURN_TYPE = YES_ERROR;
				GCC_WARN_UNDECLARED_SELECTOR = YES;
				GCC_WARN_UNINITIALIZED_AUTOS = YES_AGGRESSIVE;
				GCC_WARN_UNUSED_FUNCTION = YES;
				GCC_WARN_UNUSED_VARIABLE = YES;
				IPHONEOS_DEPLOYMENT_TARGET = 13.2;
				MTL_ENABLE_DEBUG_INFO = NO;
				MTL_FAST_MATH = YES;
				SDKROOT = iphoneos;
				SWIFT_COMPILATION_MODE = wholemodule;
				SWIFT_OPTIMIZATION_LEVEL = "-O";
				VALIDATE_PRODUCT = YES;
			};
			name = Release;
		};
		ACC77D2723B55B2D007B6A0C /* Debug */ = {
			isa = XCBuildConfiguration;
			baseConfigurationReference = B9CE0F783E0D81F980B27615 /* Pods-MapPoints.debug.xcconfig */;
			buildSettings = {
				ASSETCATALOG_COMPILER_APPICON_NAME = AppIcon;
				CLANG_ENABLE_MODULES = YES;
				CODE_SIGN_STYLE = Automatic;
				DEVELOPMENT_TEAM = 8MF5X3F4FR;
				INFOPLIST_FILE = MapPoints/Info.plist;
				IPHONEOS_DEPLOYMENT_TARGET = 13.2;
				LD_RUNPATH_SEARCH_PATHS = (
					"$(inherited)",
					"@executable_path/Frameworks",
				);
				PRODUCT_BUNDLE_IDENTIFIER = Artem.Syrytsia.MapPoints;
				PRODUCT_NAME = "$(TARGET_NAME)";
				SWIFT_OBJC_BRIDGING_HEADER = "MapPoints/MapPoint-Bridging-Header.h";
				SWIFT_OPTIMIZATION_LEVEL = "-Onone";
				SWIFT_PRECOMPILE_BRIDGING_HEADER = YES;
				SWIFT_VERSION = 5.0;
				TARGETED_DEVICE_FAMILY = "1,2";
				USE_HEADERMAP = YES;
			};
			name = Debug;
		};
		ACC77D2823B55B2D007B6A0C /* Release */ = {
			isa = XCBuildConfiguration;
			baseConfigurationReference = DB16F56D11A3CD41FD9F72C5 /* Pods-MapPoints.release.xcconfig */;
			buildSettings = {
				ASSETCATALOG_COMPILER_APPICON_NAME = AppIcon;
				CLANG_ENABLE_MODULES = YES;
				CODE_SIGN_STYLE = Automatic;
				DEVELOPMENT_TEAM = 8MF5X3F4FR;
				INFOPLIST_FILE = MapPoints/Info.plist;
				IPHONEOS_DEPLOYMENT_TARGET = 13.2;
				LD_RUNPATH_SEARCH_PATHS = (
					"$(inherited)",
					"@executable_path/Frameworks",
				);
				PRODUCT_BUNDLE_IDENTIFIER = Artem.Syrytsia.MapPoints;
				PRODUCT_NAME = "$(TARGET_NAME)";
				SWIFT_OBJC_BRIDGING_HEADER = "MapPoints/MapPoint-Bridging-Header.h";
				SWIFT_PRECOMPILE_BRIDGING_HEADER = YES;
				SWIFT_VERSION = 5.0;
				TARGETED_DEVICE_FAMILY = "1,2";
				USE_HEADERMAP = YES;
			};
			name = Release;
		};
/* End XCBuildConfiguration section */

/* Begin XCConfigurationList section */
		ACC77D0D23B55B2B007B6A0C /* Build configuration list for PBXProject "MapPoints" */ = {
			isa = XCConfigurationList;
			buildConfigurations = (
				ACC77D2423B55B2D007B6A0C /* Debug */,
				ACC77D2523B55B2D007B6A0C /* Release */,
			);
			defaultConfigurationIsVisible = 0;
			defaultConfigurationName = Release;
		};
		ACC77D2623B55B2D007B6A0C /* Build configuration list for PBXNativeTarget "MapPoints" */ = {
			isa = XCConfigurationList;
			buildConfigurations = (
				ACC77D2723B55B2D007B6A0C /* Debug */,
				ACC77D2823B55B2D007B6A0C /* Release */,
			);
			defaultConfigurationIsVisible = 0;
			defaultConfigurationName = Release;
		};
/* End XCConfigurationList section */
	};
	rootObject = ACC77D0A23B55B2B007B6A0C /* Project object */;
}
